<?xml version="1.0" encoding="utf-8"?>
<Project ToolsVersion="4.0" xmlns="http://schemas.microsoft.com/developer/msbuild/2003">
  <ItemGroup>
    <Filter Include="Source Files">
      <UniqueIdentifier>{4FC737F1-C7A5-4376-A066-2A32D752A2FF}</UniqueIdentifier>
      <Extensions>cpp;c;cc;cxx;def;odl;idl;hpj;bat;asm;asmx</Extensions>
    </Filter>
    <Filter Include="Header Files">
      <UniqueIdentifier>{93995380-89BD-4b04-88EB-625FBE52EBFB}</UniqueIdentifier>
      <Extensions>h;hh;hpp;hxx;hm;inl;inc;xsd</Extensions>
    </Filter>
    <Filter Include="Resource Files">
      <UniqueIdentifier>{67DA6AB6-F800-4c08-8B7A-83BB121AAD01}</UniqueIdentifier>
      <Extensions>rc;ico;cur;bmp;dlg;rc2;rct;bin;rgs;gif;jpg;jpeg;jpe;resx;tiff;tif;png;wav;mfcribbon-ms</Extensions>
    </Filter>
    <Filter Include="Main">
      <UniqueIdentifier>{febed882-1da7-4786-a051-a081e3f8dbd0}</UniqueIdentifier>
    </Filter>
  </ItemGroup>
  <ItemGroup>
    <Text Include="ReadMe.txt" />
  </ItemGroup>
  <ItemGroup>
    <ClInclude Include="stdafx.h">
      <Filter>Header Files</Filter>
    </ClInclude>
    <ClInclude Include="targetver.h">
      <Filter>Header Files</Filter>
    </ClInclude>
    <ClInclude Include="LuaSrc\lapi.h">
      <Filter>Header Files</Filter>
    </ClInclude>
    <ClInclude Include="LuaSrc\lauxlib.h">
      <Filter>Header Files</Filter>
    </ClInclude>
    <ClInclude Include="LuaSrc\lcode.h">
      <Filter>Header Files</Filter>
    </ClInclude>
    <ClInclude Include="LuaSrc\lctype.h">
      <Filter>Header Files</Filter>
    </ClInclude>
    <ClInclude Include="LuaSrc\ldebug.h">
      <Filter>Header Files</Filter>
    </ClInclude>
    <ClInclude Include="LuaSrc\ldo.h">
      <Filter>Header Files</Filter>
    </ClInclude>
    <ClInclude Include="LuaSrc\lfunc.h">
      <Filter>Header Files</Filter>
    </ClInclude>
    <ClInclude Include="LuaSrc\lgc.h">
      <Filter>Header Files</Filter>
    </ClInclude>
    <ClInclude Include="LuaSrc\llex.h">
      <Filter>Header Files</Filter>
    </ClInclude>
    <ClInclude Include="LuaSrc\llimits.h">
      <Filter>Header Files</Filter>
    </ClInclude>
    <ClInclude Include="LuaSrc\lmem.h">
      <Filter>Header Files</Filter>
    </ClInclude>
    <ClInclude Include="LuaSrc\lobject.h">
      <Filter>Header Files</Filter>
    </ClInclude>
    <ClInclude Include="LuaSrc\lopcodes.h">
      <Filter>Header Files</Filter>
    </ClInclude>
    <ClInclude Include="LuaSrc\lparser.h">
      <Filter>Header Files</Filter>
    </ClInclude>
    <ClInclude Include="LuaSrc\lprefix.h">
      <Filter>Header Files</Filter>
    </ClInclude>
    <ClInclude Include="LuaSrc\lstate.h">
      <Filter>Header Files</Filter>
    </ClInclude>
    <ClInclude Include="LuaSrc\lstring.h">
      <Filter>Header Files</Filter>
    </ClInclude>
    <ClInclude Include="LuaSrc\ltable.h">
      <Filter>Header Files</Filter>
    </ClInclude>
    <ClInclude Include="LuaSrc\ltm.h">
      <Filter>Header Files</Filter>
    </ClInclude>
    <ClInclude Include="LuaSrc\lua.h">
      <Filter>Header Files</Filter>
    </ClInclude>
    <ClInclude Include="LuaSrc\lua.hpp">
      <Filter>Header Files</Filter>
    </ClInclude>
    <ClInclude Include="LuaSrc\luaconf.h">
      <Filter>Header Files</Filter>
    </ClInclude>
    <ClInclude Include="LuaSrc\lualib.h">
      <Filter>Header Files</Filter>
    </ClInclude>
    <ClInclude Include="LuaSrc\lundump.h">
      <Filter>Header Files</Filter>
    </ClInclude>
    <ClInclude Include="LuaSrc\lvm.h">
      <Filter>Header Files</Filter>
    </ClInclude>
    <ClInclude Include="LuaSrc\lzio.h">
      <Filter>Header Files</Filter>
    </ClInclude>
  </ItemGroup>
  <ItemGroup>
    <ClCompile Include="LuaLib.cpp">
      <Filter>Main</Filter>
    </ClCompile>
    <ClCompile Include="LuaSrc\lapi.c">
      <Filter>Source Files</Filter>
    </ClCompile>
    <ClCompile Include="LuaSrc\lauxlib.c">
      <Filter>Source Files</Filter>
    </ClCompile>
    <ClCompile Include="LuaSrc\lbaselib.c">
      <Filter>Source Files</Filter>
    </ClCompile>
    <ClCompile Include="LuaSrc\lbitlib.c">
      <Filter>Source Files</Filter>
    </ClCompile>
    <ClCompile Include="LuaSrc\lcode.c">
      <Filter>Source Files</Filter>
    </ClCompile>
    <ClCompile Include="LuaSrc\lcorolib.c">
      <Filter>Source Files</Filter>
    </ClCompile>
    <ClCompile Include="LuaSrc\lctype.c">
      <Filter>Source Files</Filter>
    </ClCompile>
    <ClCompile Include="LuaSrc\ldblib.c">
      <Filter>Source Files</Filter>
    </ClCompile>
    <ClCompile Include="LuaSrc\ldebug.c">
      <Filter>Source Files</Filter>
    </ClCompile>
    <ClCompile Include="LuaSrc\ldo.c">
      <Filter>Source Files</Filter>
    </ClCompile>
    <ClCompile Include="LuaSrc\ldump.c">
      <Filter>Source Files</Filter>
    </ClCompile>
    <ClCompile Include="LuaSrc\lfunc.c">
      <Filter>Source Files</Filter>
    </ClCompile>
    <ClCompile Include="LuaSrc\lgc.c">
      <Filter>Source Files</Filter>
    </ClCompile>
    <ClCompile Include="LuaSrc\linit.c">
      <Filter>Source Files</Filter>
    </ClCompile>
    <ClCompile Include="LuaSrc\liolib.c">
      <Filter>Source Files</Filter>
    </ClCompile>
    <ClCompile Include="LuaSrc\llex.c">
      <Filter>Source Files</Filter>
    </ClCompile>
    <ClCompile Include="LuaSrc\lmathlib.c">
      <Filter>Source Files</Filter>
    </ClCompile>
    <ClCompile Include="LuaSrc\lmem.c">
      <Filter>Source Files</Filter>
    </ClCompile>
    <ClCompile Include="LuaSrc\loadlib.c">
      <Filter>Source Files</Filter>
    </ClCompile>
    <ClCompile Include="LuaSrc\lobject.c">
      <Filter>Source Files</Filter>
    </ClCompile>
    <ClCompile Include="LuaSrc\lopcodes.c">
      <Filter>Source Files</Filter>
    </ClCompile>
    <ClCompile Include="LuaSrc\loslib.c">
      <Filter>Source Files</Filter>
    </ClCompile>
    <ClCompile Include="LuaSrc\lparser.c">
      <Filter>Source Files</Filter>
    </ClCompile>
    <ClCompile Include="LuaSrc\lstate.c">
      <Filter>Source Files</Filter>
    </ClCompile>
    <ClCompile Include="LuaSrc\lstring.c">
      <Filter>Source Files</Filter>
    </ClCompile>
    <ClCompile Include="LuaSrc\lstrlib.c">
      <Filter>Source Files</Filter>
    </ClCompile>
    <ClCompile Include="LuaSrc\ltable.c">
      <Filter>Source Files</Filter>
    </ClCompile>
    <ClCompile Include="LuaSrc\ltablib.c">
      <Filter>Source Files</Filter>
    </ClCompile>
    <ClCompile Include="LuaSrc\ltm.c">
      <Filter>Source Files</Filter>
    </ClCompile>
    <ClCompile Include="LuaSrc\lundump.c">
      <Filter>Source Files</Filter>
    </ClCompile>
    <ClCompile Include="LuaSrc\lutf8lib.c">
      <Filter>Source Files</Filter>
    </ClCompile>
    <ClCompile Include="LuaSrc\lvm.c">
      <Filter>Source Files</Filter>
    </ClCompile>
    <ClCompile Include="LuaSrc\lzio.c">
      <Filter>Source Files</Filter>
    </ClCompile>
  </ItemGroup>
</Project>